
Microsoft Visual Studio Solution File, Format Version 12.00
# Visual Studio Version 16
VisualStudioVersion = 16.0.31515.178
MinimumVisualStudioVersion = 10.0.40219.1
Project("{FAE04EC0-301F-11D3-BF4B-00C04F79EFBC}") = "AngularGen", "AngularGen.csproj", "{1FE3F060-95FE-4134-9D76-6D5BFE932798}"
EndProject
Global
	GlobalSection(SolutionConfigurationPlatforms) = preSolution
		Debug|Any CPU = Debug|Any CPU
		Release|Any CPU = Release|Any CPU
	EndGlobalSection
	GlobalSection(ProjectConfigurationPlatforms) = postSolution
		{1FE3F060-95FE-4134-9D76-6D5BFE932798}.Debug|Any CPU.ActiveCfg = Debug|Any CPU
		{1FE3F060-95FE-4134-9D76-6D5BFE932798}.Debug|Any CPU.Build.0 = Debug|Any CPU
		{1FE3F060-95FE-4134-9D76-6D5BFE932798}.Release|Any CPU.ActiveCfg = Release|Any CPU
		{1FE3F060-95FE-4134-9D76-6D5BFE932798}.Release|Any CPU.Build.0 = Release|Any CPU
	EndGlobalSection
	GlobalSection(SolutionProperties) = preSolution
		HideSolutionNode = FALSE
	EndGlobalSection
	GlobalSection(ExtensibilityGlobals) = postSolution
		SolutionGuid = {B6864262-6D9B-46D6-AC47-554B1875A18E}
	EndGlobalSection
EndGlobal
